
Microsoft Visual Studio Solution File, Format Version 12.00
# Visual Studio Version 17
VisualStudioVersion = 17.13.35919.96 d17.13
MinimumVisualStudioVersion = 10.0.40219.1
Project("{FAE04EC0-301F-11D3-BF4B-00C04F79EFBC}") = "SocialMedia", "SocialMedia.csproj", "{BA97E0D2-6F4C-4236-B769-0D96DF839F42}"
EndProject
Global
	GlobalSection(SolutionConfigurationPlatforms) = preSolution
		Debug|Any CPU = Debug|Any CPU
		Release|Any CPU = Release|Any CPU
	EndGlobalSection
	GlobalSection(ProjectConfigurationPlatforms) = postSolution
		{BA97E0D2-6F4C-4236-B769-0D96DF839F42}.Debug|Any CPU.ActiveCfg = Debug|Any CPU
		{BA97E0D2-6F4C-4236-B769-0D96DF839F42}.Debug|Any CPU.Build.0 = Debug|Any CPU
		{BA97E0D2-6F4C-4236-B769-0D96DF839F42}.Release|Any CPU.ActiveCfg = Release|Any CPU
		{BA97E0D2-6F4C-4236-B769-0D96DF839F42}.Release|Any CPU.Build.0 = Release|Any CPU
	EndGlobalSection
	GlobalSection(SolutionProperties) = preSolution
		HideSolutionNode = FALSE
	EndGlobalSection
	GlobalSection(ExtensibilityGlobals) = postSolution
		SolutionGuid = {F8B0261C-B694-42E8-B172-85719CE61BEE}
	EndGlobalSection
EndGlobal
